
Microsoft Visual Studio Solution File, Format Version 12.00
# Visual Studio Version 17
VisualStudioVersion = 17.13.35931.197
MinimumVisualStudioVersion = 10.0.40219.1
Project("{FAE04EC0-301F-11D3-BF4B-00C04F79EFBC}") = "GG1MapChooser", "GG1MapChooser.csproj", "{62A81BCE-0844-C93C-B109-7AD2782F41E8}"
EndProject
Project("{FAE04EC0-301F-11D3-BF4B-00C04F79EFBC}") = "ggmcAPI", "..\ggmcAPI\ggmcAPI.csproj", "{B9945715-F7B1-F7CC-E4C6-15D14E8E2211}"
EndProject
Global
	GlobalSection(SolutionConfigurationPlatforms) = preSolution
		Debug|Any CPU = Debug|Any CPU
		Release|Any CPU = Release|Any CPU
	EndGlobalSection
	GlobalSection(ProjectConfigurationPlatforms) = postSolution
		{62A81BCE-0844-C93C-B109-7AD2782F41E8}.Debug|Any CPU.ActiveCfg = Debug|Any CPU
		{62A81BCE-0844-C93C-B109-7AD2782F41E8}.Debug|Any CPU.Build.0 = Debug|Any CPU
		{62A81BCE-0844-C93C-B109-7AD2782F41E8}.Release|Any CPU.ActiveCfg = Release|Any CPU
		{62A81BCE-0844-C93C-B109-7AD2782F41E8}.Release|Any CPU.Build.0 = Release|Any CPU
		{B9945715-F7B1-F7CC-E4C6-15D14E8E2211}.Debug|Any CPU.ActiveCfg = Debug|Any CPU
		{B9945715-F7B1-F7CC-E4C6-15D14E8E2211}.Debug|Any CPU.Build.0 = Debug|Any CPU
		{B9945715-F7B1-F7CC-E4C6-15D14E8E2211}.Release|Any CPU.ActiveCfg = Release|Any CPU
		{B9945715-F7B1-F7CC-E4C6-15D14E8E2211}.Release|Any CPU.Build.0 = Release|Any CPU
	EndGlobalSection
	GlobalSection(SolutionProperties) = preSolution
		HideSolutionNode = FALSE
	EndGlobalSection
	GlobalSection(ExtensibilityGlobals) = postSolution
		SolutionGuid = {BAED6C3F-D7AD-4387-89C1-A13EDC81DB77}
	EndGlobalSection
EndGlobal
